
Microsoft Visual Studio Solution File, Format Version 12.00
# Visual Studio 15
VisualStudioVersion = 15.0.26124.0
MinimumVisualStudioVersion = 15.0.26124.0
Project("{2150E333-8FDC-42A3-9474-1A3956D46DE8}") = "src", "src", "{3FE1A8B0-2F25-4C05-BA06-ABE923A7420B}"
EndProject
Project("{FAE04EC0-301F-11D3-BF4B-00C04F79EFBC}") = "JohanBos.Data", "src\JohanBos.Data\JohanBos.Data.csproj", "{99B5E898-6E0E-444A-89DE-D85BD2EB1FCC}"
EndProject
Project("{FAE04EC0-301F-11D3-BF4B-00C04F79EFBC}") = "JohanBos.Models", "src\JohanBos.Models\JohanBos.Models.csproj", "{58CA6201-7BA1-43CF-9C3B-3ADA332ADD8B}"
EndProject
Project("{FAE04EC0-301F-11D3-BF4B-00C04F79EFBC}") = "JohanBos.Services", "src\JohanBos.Services\JohanBos.Services.csproj", "{242C3C4B-9A6C-44C4-8814-7313646DEC27}"
EndProject
Project("{2150E333-8FDC-42A3-9474-1A3956D46DE8}") = "test", "test", "{1CCB3687-83F1-46AA-A9F5-90328F14FA45}"
EndProject
Project("{FAE04EC0-301F-11D3-BF4B-00C04F79EFBC}") = "JohanBos.IntegrationTests", "test\JohanBos.IntegrationTests\JohanBos.IntegrationTests.csproj", "{884F3149-ED6F-4BA2-92CD-E3C5A9965106}"
EndProject
Project("{FAE04EC0-301F-11D3-BF4B-00C04F79EFBC}") = "JohanBos.UnitTests", "test\JohanBos.UnitTests\JohanBos.UnitTests.csproj", "{0851A6E8-5643-43BE-809E-0C25D8EEF372}"
EndProject
Global
	GlobalSection(SolutionConfigurationPlatforms) = preSolution
		Debug|Any CPU = Debug|Any CPU
		Debug|x64 = Debug|x64
		Debug|x86 = Debug|x86
		Release|Any CPU = Release|Any CPU
		Release|x64 = Release|x64
		Release|x86 = Release|x86
	EndGlobalSection
	GlobalSection(SolutionProperties) = preSolution
		HideSolutionNode = FALSE
	EndGlobalSection
	GlobalSection(ProjectConfigurationPlatforms) = postSolution
		{99B5E898-6E0E-444A-89DE-D85BD2EB1FCC}.Debug|Any CPU.ActiveCfg = Debug|Any CPU
		{99B5E898-6E0E-444A-89DE-D85BD2EB1FCC}.Debug|Any CPU.Build.0 = Debug|Any CPU
		{99B5E898-6E0E-444A-89DE-D85BD2EB1FCC}.Debug|x64.ActiveCfg = Debug|Any CPU
		{99B5E898-6E0E-444A-89DE-D85BD2EB1FCC}.Debug|x64.Build.0 = Debug|Any CPU
		{99B5E898-6E0E-444A-89DE-D85BD2EB1FCC}.Debug|x86.ActiveCfg = Debug|Any CPU
		{99B5E898-6E0E-444A-89DE-D85BD2EB1FCC}.Debug|x86.Build.0 = Debug|Any CPU
		{99B5E898-6E0E-444A-89DE-D85BD2EB1FCC}.Release|Any CPU.ActiveCfg = Release|Any CPU
		{99B5E898-6E0E-444A-89DE-D85BD2EB1FCC}.Release|Any CPU.Build.0 = Release|Any CPU
		{99B5E898-6E0E-444A-89DE-D85BD2EB1FCC}.Release|x64.ActiveCfg = Release|Any CPU
		{99B5E898-6E0E-444A-89DE-D85BD2EB1FCC}.Release|x64.Build.0 = Release|Any CPU
		{99B5E898-6E0E-444A-89DE-D85BD2EB1FCC}.Release|x86.ActiveCfg = Release|Any CPU
		{99B5E898-6E0E-444A-89DE-D85BD2EB1FCC}.Release|x86.Build.0 = Release|Any CPU
		{58CA6201-7BA1-43CF-9C3B-3ADA332ADD8B}.Debug|Any CPU.ActiveCfg = Debug|Any CPU
		{58CA6201-7BA1-43CF-9C3B-3ADA332ADD8B}.Debug|Any CPU.Build.0 = Debug|Any CPU
		{58CA6201-7BA1-43CF-9C3B-3ADA332ADD8B}.Debug|x64.ActiveCfg = Debug|Any CPU
		{58CA6201-7BA1-43CF-9C3B-3ADA332ADD8B}.Debug|x64.Build.0 = Debug|Any CPU
		{58CA6201-7BA1-43CF-9C3B-3ADA332ADD8B}.Debug|x86.ActiveCfg = Debug|Any CPU
		{58CA6201-7BA1-43CF-9C3B-3ADA332ADD8B}.Debug|x86.Build.0 = Debug|Any CPU
		{58CA6201-7BA1-43CF-9C3B-3ADA332ADD8B}.Release|Any CPU.ActiveCfg = Release|Any CPU
		{58CA6201-7BA1-43CF-9C3B-3ADA332ADD8B}.Release|Any CPU.Build.0 = Release|Any CPU
		{58CA6201-7BA1-43CF-9C3B-3ADA332ADD8B}.Release|x64.ActiveCfg = Release|Any CPU
		{58CA6201-7BA1-43CF-9C3B-3ADA332ADD8B}.Release|x64.Build.0 = Release|Any CPU
		{58CA6201-7BA1-43CF-9C3B-3ADA332ADD8B}.Release|x86.ActiveCfg = Release|Any CPU
		{58CA6201-7BA1-43CF-9C3B-3ADA332ADD8B}.Release|x86.Build.0 = Release|Any CPU
		{242C3C4B-9A6C-44C4-8814-7313646DEC27}.Debug|Any CPU.ActiveCfg = Debug|Any CPU
		{242C3C4B-9A6C-44C4-8814-7313646DEC27}.Debug|Any CPU.Build.0 = Debug|Any CPU
		{242C3C4B-9A6C-44C4-8814-7313646DEC27}.Debug|x64.ActiveCfg = Debug|Any CPU
		{242C3C4B-9A6C-44C4-8814-7313646DEC27}.Debug|x64.Build.0 = Debug|Any CPU
		{242C3C4B-9A6C-44C4-8814-7313646DEC27}.Debug|x86.ActiveCfg = Debug|Any CPU
		{242C3C4B-9A6C-44C4-8814-7313646DEC27}.Debug|x86.Build.0 = Debug|Any CPU
		{242C3C4B-9A6C-44C4-8814-7313646DEC27}.Release|Any CPU.ActiveCfg = Release|Any CPU
		{242C3C4B-9A6C-44C4-8814-7313646DEC27}.Release|Any CPU.Build.0 = Release|Any CPU
		{242C3C4B-9A6C-44C4-8814-7313646DEC27}.Release|x64.ActiveCfg = Release|Any CPU
		{242C3C4B-9A6C-44C4-8814-7313646DEC27}.Release|x64.Build.0 = Release|Any CPU
		{242C3C4B-9A6C-44C4-8814-7313646DEC27}.Release|x86.ActiveCfg = Release|Any CPU
		{242C3C4B-9A6C-44C4-8814-7313646DEC27}.Release|x86.Build.0 = Release|Any CPU
		{884F3149-ED6F-4BA2-92CD-E3C5A9965106}.Debug|Any CPU.ActiveCfg = Debug|Any CPU
		{884F3149-ED6F-4BA2-92CD-E3C5A9965106}.Debug|Any CPU.Build.0 = Debug|Any CPU
		{884F3149-ED6F-4BA2-92CD-E3C5A9965106}.Debug|x64.ActiveCfg = Debug|Any CPU
		{884F3149-ED6F-4BA2-92CD-E3C5A9965106}.Debug|x64.Build.0 = Debug|Any CPU
		{884F3149-ED6F-4BA2-92CD-E3C5A9965106}.Debug|x86.ActiveCfg = Debug|Any CPU
		{884F3149-ED6F-4BA2-92CD-E3C5A9965106}.Debug|x86.Build.0 = Debug|Any CPU
		{884F3149-ED6F-4BA2-92CD-E3C5A9965106}.Release|Any CPU.ActiveCfg = Release|Any CPU
		{884F3149-ED6F-4BA2-92CD-E3C5A9965106}.Release|Any CPU.Build.0 = Release|Any CPU
		{884F3149-ED6F-4BA2-92CD-E3C5A9965106}.Release|x64.ActiveCfg = Release|Any CPU
		{884F3149-ED6F-4BA2-92CD-E3C5A9965106}.Release|x64.Build.0 = Release|Any CPU
		{884F3149-ED6F-4BA2-92CD-E3C5A9965106}.Release|x86.ActiveCfg = Release|Any CPU
		{884F3149-ED6F-4BA2-92CD-E3C5A9965106}.Release|x86.Build.0 = Release|Any CPU
		{0851A6E8-5643-43BE-809E-0C25D8EEF372}.Debug|Any CPU.ActiveCfg = Debug|Any CPU
		{0851A6E8-5643-43BE-809E-0C25D8EEF372}.Debug|Any CPU.Build.0 = Debug|Any CPU
		{0851A6E8-5643-43BE-809E-0C25D8EEF372}.Debug|x64.ActiveCfg = Debug|Any CPU
		{0851A6E8-5643-43BE-809E-0C25D8EEF372}.Debug|x64.Build.0 = Debug|Any CPU
		{0851A6E8-5643-43BE-809E-0C25D8EEF372}.Debug|x86.ActiveCfg = Debug|Any CPU
		{0851A6E8-5643-43BE-809E-0C25D8EEF372}.Debug|x86.Build.0 = Debug|Any CPU
		{0851A6E8-5643-43BE-809E-0C25D8EEF372}.Release|Any CPU.ActiveCfg = Release|Any CPU
		{0851A6E8-5643-43BE-809E-0C25D8EEF372}.Release|Any CPU.Build.0 = Release|Any CPU
		{0851A6E8-5643-43BE-809E-0C25D8EEF372}.Release|x64.ActiveCfg = Release|Any CPU
		{0851A6E8-5643-43BE-809E-0C25D8EEF372}.Release|x64.Build.0 = Release|Any CPU
		{0851A6E8-5643-43BE-809E-0C25D8EEF372}.Release|x86.ActiveCfg = Release|Any CPU
		{0851A6E8-5643-43BE-809E-0C25D8EEF372}.Release|x86.Build.0 = Release|Any CPU
	EndGlobalSection
	GlobalSection(NestedProjects) = preSolution
		{99B5E898-6E0E-444A-89DE-D85BD2EB1FCC} = {3FE1A8B0-2F25-4C05-BA06-ABE923A7420B}
		{58CA6201-7BA1-43CF-9C3B-3ADA332ADD8B} = {3FE1A8B0-2F25-4C05-BA06-ABE923A7420B}
		{242C3C4B-9A6C-44C4-8814-7313646DEC27} = {3FE1A8B0-2F25-4C05-BA06-ABE923A7420B}
		{884F3149-ED6F-4BA2-92CD-E3C5A9965106} = {1CCB3687-83F1-46AA-A9F5-90328F14FA45}
		{0851A6E8-5643-43BE-809E-0C25D8EEF372} = {1CCB3687-83F1-46AA-A9F5-90328F14FA45}
	EndGlobalSection
EndGlobal
